// !$*UTF8*$!
{
	archiveVersion = 1;
	classes = {
	};
	objectVersion = 77;
	objects = {

/* Begin PBXBuildFile section */
		023EDC4E434C29067B3C941C /* PatientDetailView.swift in Sources */ = {isa = PBXBuildFile; fileRef = 9D7474F4D0A1BAE95D0CBF1A /* PatientDetailView.swift */; };
		04A531469AE1F1F22CD075B5 /* RoutineListView.swift in Sources */ = {isa = PBXBuildFile; fileRef = DBEF4B57A4D704F81EEAAA3F /* RoutineListView.swift */; };
		065039CE4812F44696CCB39D /* OnboardingView.swift in Sources */ = {isa = PBXBuildFile; fileRef = FCA127B925F86A5AAAED7F31 /* OnboardingView.swift */; };
		07A1C18458CCC3ADEF41E752 /* CallCaregiverIntent.swift in Sources */ = {isa = PBXBuildFile; fileRef = E1A3F14F421D2CA3C7851FC3 /* CallCaregiverIntent.swift */; };
		09BE6422B7348F800FE456EE /* DailyProgressWidget.swift in Sources */ = {isa = PBXBuildFile; fileRef = 5B132996DF9036A97CE053C4 /* DailyProgressWidget.swift */; };
		09C454A33229A86F151708D5 /* SettingsView.swift in Sources */ = {isa = PBXBuildFile; fileRef = BA11D62DCA7E3CB0FD13638C /* SettingsView.swift */; };
		0C96BC5E2CC9CEF1D1A80999 /* EmergencyWidget.swift in Sources */ = {isa = PBXBuildFile; fileRef = DD60420D9DF962EBE37A9C97 /* EmergencyWidget.swift */; };
		0EAAB2A53432456673EA4C5F /* PatientMedicationsView.swift in Sources */ = {isa = PBXBuildFile; fileRef = 3DCA77D378199E497CF68255 /* PatientMedicationsView.swift */; };
		1135FCAA8ADBE4CF2F06DC64 /* LocationService.swift in Sources */ = {isa = PBXBuildFile; fileRef = A1DBF16E4E6DC318FE294BB0 /* LocationService.swift */; };
		14718E217D8669D0DC72193C /* AdaptAiKit in Frameworks */ = {isa = PBXBuildFile; productRef = F13BB66D3A1BFBFCA2880CC7 /* AdaptAiKit */; };
		18EB92841974050542877C18 /* MedicationView.swift in Sources */ = {isa = PBXBuildFile; fileRef = 3130790F1125C901C0624451 /* MedicationView.swift */; };
		19FAC6799AC352EA54849A0B /* WatchRoutinePlayerView.swift in Sources */ = {isa = PBXBuildFile; fileRef = A4A8A925345D555EFD50F3F1 /* WatchRoutinePlayerView.swift */; };
		1A012B70AF7C4997648661D6 /* iPadAdaptations.swift in Sources */ = {isa = PBXBuildFile; fileRef = 0C2B9FAB2A279FDC54D63C9C /* iPadAdaptations.swift */; };
		1BB76C4680B65F3568282B7B /* AdaptAiApp.swift in Sources */ = {isa = PBXBuildFile; fileRef = 26450D939D94C1DE930DA916 /* AdaptAiApp.swift */; };
		1C05CD133B396AF31BD87535 /* BrandColors.swift in Sources */ = {isa = PBXBuildFile; fileRef = F00D59EA100086B61F93D9CD /* BrandColors.swift */; };
		1C23625C7B5781F752BDE880 /* StallBanner.swift in Sources */ = {isa = PBXBuildFile; fileRef = ABC2CD3965079FFAE421675A /* StallBanner.swift */; };
		242F723E292436B59F53E63B /* RobotPairingView.swift in Sources */ = {isa = PBXBuildFile; fileRef = 48DAE949D4AEAF95D1D4681D /* RobotPairingView.swift */; };
		2AFC06DDB468159C0CD11984 /* CaregiverRemindersView.swift in Sources */ = {isa = PBXBuildFile; fileRef = A324C0BCA68998F9D8E23068 /* CaregiverRemindersView.swift */; };
		34F026EF6975239E5BE003AC /* RoutinePlayerView.swift in Sources */ = {isa = PBXBuildFile; fileRef = C7CA48F3F6B410540FB94532 /* RoutinePlayerView.swift */; };
		35327EF6E629CAA9B1EC6FA7 /* HealthView.swift in Sources */ = {isa = PBXBuildFile; fileRef = 9701A184DACFB281F069217F /* HealthView.swift */; };
		425C22E8742095824E33C71E /* AdaptAiIntents.appex in Embed Foundation Extensions */ = {isa = PBXBuildFile; fileRef = F6B6ED63D172847DC242A62E /* AdaptAiIntents.appex */; settings = {ATTRIBUTES = (RemoveHeadersOnCopy, ); }; };
		42EA5FEFA93B67C3DD83EF6D /* AdaptAiLiveActivity.appex in Embed Foundation Extensions */ = {isa = PBXBuildFile; fileRef = 95B23E3C6E2EC0CDAACD7D83 /* AdaptAiLiveActivity.appex */; settings = {ATTRIBUTES = (RemoveHeadersOnCopy, ); }; };
		441DCF6F36A6035FFB00EF6A /* AdaptAiKit in Frameworks */ = {isa = PBXBuildFile; productRef = 4B4EFCA5F7437FCE54482B4F /* AdaptAiKit */; };
		44C26E15192F859DD5C088FC /* TermsView.swift in Sources */ = {isa = PBXBuildFile; fileRef = 7AC8F831AC0E68E96C12A1F4 /* TermsView.swift */; };
		456ACE7D05E5D4F6F05E956F /* AdaptAiKit in Frameworks */ = {isa = PBXBuildFile; productRef = 8D4653D95B75020FCD49FBF2 /* AdaptAiKit */; };
		4A308FA77713F023828146A8 /* CrashDetectionService.swift in Sources */ = {isa = PBXBuildFile; fileRef = 9BD20F94B059C097172735A7 /* CrashDetectionService.swift */; };
		5149CD01F0D5E832B9019A06 /* StartRoutineIntent.swift in Sources */ = {isa = PBXBuildFile; fileRef = 16DE07C9704DADD343FC0CFA /* StartRoutineIntent.swift */; };
		53E5C5B89682097DFF739D9B /* SpeechService.swift in Sources */ = {isa = PBXBuildFile; fileRef = 0E10F349008DAB17E43CD7DC /* SpeechService.swift */; };
		54FE8315974917B5647A47E2 /* SimpleHomeView.swift in Sources */ = {isa = PBXBuildFile; fileRef = 091D8CD9BCCDB27CE6BB24D4 /* SimpleHomeView.swift */; };
		5971CB011D624F7D187CB02D /* AdaptAiKit in Frameworks */ = {isa = PBXBuildFile; productRef = F26B1A60827E60814A929389 /* AdaptAiKit */; };
		5AEC2BA8FA2FBBE63D31BB92 /* AdaptiveModifier.swift in Sources */ = {isa = PBXBuildFile; fileRef = B29093E2121DF7AF33802B94 /* AdaptiveModifier.swift */; };
		5B0E91D63C6C2F15B527800F /* HomeViewModel.swift in Sources */ = {isa = PBXBuildFile; fileRef = F3F2DB1ABC99EF30628CB56F /* HomeViewModel.swift */; };
		5BEE9CE7181FAD72CA67A911 /* WatchHomeView.swift in Sources */ = {isa = PBXBuildFile; fileRef = 3B838102CFC5B3BD55B5F41C /* WatchHomeView.swift */; };
		6188787D35EF61AEA8867668 /* MedicationWidget.swift in Sources */ = {isa = PBXBuildFile; fileRef = C1AF1734ED88199C28DEEDB6 /* MedicationWidget.swift */; };
		6345F896E221127ECD515930 /* EmergencyContactsView.swift in Sources */ = {isa = PBXBuildFile; fileRef = 38C0EC6743144FD4517E0935 /* EmergencyContactsView.swift */; };
		654CC5EF9DFB7987317EFCFE /* EmergencyView.swift in Sources */ = {isa = PBXBuildFile; fileRef = DD149F0E1DA1D91E6FDB9C3C /* EmergencyView.swift */; };
		65A07A4CA38F37C865AA90BE /* SampleData.swift in Sources */ = {isa = PBXBuildFile; fileRef = 84C37A1AEE9CF5CD2993B34F /* SampleData.swift */; };
		6903C4014CEE3EBA31E1F898 /* RobotStatusView.swift in Sources */ = {isa = PBXBuildFile; fileRef = E8134205CEAD73E25C4557ED /* RobotStatusView.swift */; };
		71776A3FB2FE8A38C1EC6037 /* ThemeManager.swift in Sources */ = {isa = PBXBuildFile; fileRef = 825B9F0DBCFCEB3C73CD05D0 /* ThemeManager.swift */; };
		72799B001B817803D807725B /* JarvisService.swift in Sources */ = {isa = PBXBuildFile; fileRef = 8A4351C9533EFD50BB27A701 /* JarvisService.swift */; };
		74C3B7DD11DD96A362EC3ECD /* CalendarService.swift in Sources */ = {isa = PBXBuildFile; fileRef = 4C6471152374BD0C7C50D8C5 /* CalendarService.swift */; };
		755D6C763AB7686EA3921460 /* CreditsView.swift in Sources */ = {isa = PBXBuildFile; fileRef = 45E4D8DE4638451AF1A72C12 /* CreditsView.swift */; };
		83D986C094E060F3744ECAA4 /* AdaptAiComplications.swift in Sources */ = {isa = PBXBuildFile; fileRef = D23B9D0F6039AB56A736031C /* AdaptAiComplications.swift */; };
		8574809FA28A3EF1BE2827C3 /* AdaptiveCard.swift in Sources */ = {isa = PBXBuildFile; fileRef = 5BC0A06391E29B12F03BA3F4 /* AdaptiveCard.swift */; };
		8A25D3453974B1A9C41B7F69 /* RobotChatView.swift in Sources */ = {isa = PBXBuildFile; fileRef = EC9791BE6B53CB82B3879154 /* RobotChatView.swift */; };
		8CBDBA0B5AD8BE87A7652278 /* WidgetBundle.swift in Sources */ = {isa = PBXBuildFile; fileRef = 7043D0EED145CC069B1A6D30 /* WidgetBundle.swift */; };
		8DA4F04E37338604025703E4 /* LostModeView.swift in Sources */ = {isa = PBXBuildFile; fileRef = F5E32B83AE11ABDF978C2460 /* LostModeView.swift */; };
		8E5990C5C8673FEE3B0A1ABE /* GuestModeBanner.swift in Sources */ = {isa = PBXBuildFile; fileRef = CA18764143D8C526CE76F4D7 /* GuestModeBanner.swift */; };
		8EC9D3F8E26776341DB8E5B7 /* SimpleListHome.swift in Sources */ = {isa = PBXBuildFile; fileRef = B3744A76891C3C911F525B9F /* SimpleListHome.swift */; };
		908D664F9BF7F0BD3512F931 /* CheckProgressIntent.swift in Sources */ = {isa = PBXBuildFile; fileRef = AA8B0273D67E621745CAEDCE /* CheckProgressIntent.swift */; };
		9ACACA052AB19B0FE6E357DF /* CaregiverStatsView.swift in Sources */ = {isa = PBXBuildFile; fileRef = BA020F5907AC157B3C72E680 /* CaregiverStatsView.swift */; };
		9B90F0BF1FD4B9EB4ABA1A6C /* Typography.swift in Sources */ = {isa = PBXBuildFile; fileRef = B2EA92D5A6FF7837BFB5B927 /* Typography.swift */; };
		9C8AE903F6769453CDC57714 /* NextRoutineWidget.swift in Sources */ = {isa = PBXBuildFile; fileRef = 35098BE6BD0A8E2A2EE8734A /* NextRoutineWidget.swift */; };
		9D09740986E3FA4C4BFE0B89 /* InviteCodeView.swift in Sources */ = {isa = PBXBuildFile; fileRef = 7E60F17955A15A34D0AE1DE7 /* InviteCodeView.swift */; };
		A0B5ADFE89049359DD5903DA /* MedicationViewModel.swift in Sources */ = {isa = PBXBuildFile; fileRef = 558625FBB68E46C15CB71B94 /* MedicationViewModel.swift */; };
		A0C0F12BB1A4273B29C2EBE3 /* AdaptiveHomeView.swift in Sources */ = {isa = PBXBuildFile; fileRef = 8814A6E71B965E32EDCBF6DC /* AdaptiveHomeView.swift */; };
		A21CC2FD20BA0E4FB9F4C2D3 /* LoginView.swift in Sources */ = {isa = PBXBuildFile; fileRef = 31B9F0CCB5DC38E1D129A42A /* LoginView.swift */; };
		A248D9849711921FECF88F27 /* NotificationService.swift in Sources */ = {isa = PBXBuildFile; fileRef = FB9A2E4F84386959C1A83AF9 /* NotificationService.swift */; };
		A6591A2B8771C655892AF1E0 /* WatchConnectivityManager.swift in Sources */ = {isa = PBXBuildFile; fileRef = 2A9C44AEBA08943EA016B8F8 /* WatchConnectivityManager.swift */; };
		A6B746E296EB2971D5613544 /* RoutinePlayerViewModel.swift in Sources */ = {isa = PBXBuildFile; fileRef = A07AB4CAC6CF09006A246608 /* RoutinePlayerViewModel.swift */; };
		AB7768DB6B514D2AFFCB1EA9 /* RegisterView.swift in Sources */ = {isa = PBXBuildFile; fileRef = 415779D0611706EF0247CEAA /* RegisterView.swift */; };
		ABF1247DBA3E62BD786E094B /* ProgressRing.swift in Sources */ = {isa = PBXBuildFile; fileRef = 0C074A22F1DF4A794E759119 /* ProgressRing.swift */; };
		AC9741A44E1EC44BA3FD6527 /* AdaptAiKit in Frameworks */ = {isa = PBXBuildFile; productRef = 4C1E1382298F511A1DCFDB9D /* AdaptAiKit */; };
		B2797FB3A7167470D8939F8A /* WatchEmergencyView.swift in Sources */ = {isa = PBXBuildFile; fileRef = 3890B640AE4DC8467FCC05E6 /* WatchEmergencyView.swift */; };
		B62AB7D5D8E9C6421B51FF1E /* AppointmentViewModel.swift in Sources */ = {isa = PBXBuildFile; fileRef = 324475F2E8A0B2774FD69B8C /* AppointmentViewModel.swift */; };
		BDEB06F88E5CBA0F6ECB6561 /* AuthViewModel.swift in Sources */ = {isa = PBXBuildFile; fileRef = 497BA71EB26DD9A547ACA313 /* AuthViewModel.swift */; };
		C2F71FC143A9D88C4A55848D /* PatientProfileView.swift in Sources */ = {isa = PBXBuildFile; fileRef = E941F85FE7E6675E9DE933DB /* PatientProfileView.swift */; };
		C50762B7341CDD45DFF84591 /* ContentView.swift in Sources */ = {isa = PBXBuildFile; fileRef = 87FBE6574CE5D6B6832E3C66 /* ContentView.swift */; };
		C946A47B707D5C0974CFF23A /* HapticsService.swift in Sources */ = {isa = PBXBuildFile; fileRef = EFF64F0908739CD7E47AD33D /* HapticsService.swift */; };
		CB7A6E4EB3E959AB65A015FD /* DetailedListHome.swift in Sources */ = {isa = PBXBuildFile; fileRef = 19CD02DEE575AE972634CE85 /* DetailedListHome.swift */; };
		CC608E4814D06E3B8FD8E1EF /* RoutineActivityAttributes.swift in Sources */ = {isa = PBXBuildFile; fileRef = D3DD4206AF8660BD30B0C032 /* RoutineActivityAttributes.swift */; };
		D204B09B2482C5C7F512564A /* Assets.xcassets in Resources */ = {isa = PBXBuildFile; fileRef = 9234D7B18EE05721B8B2E0B6 /* Assets.xcassets */; };
		D2EBB3BE9F981938E0E3B7D5 /* RobotViewModel.swift in Sources */ = {isa = PBXBuildFile; fileRef = 72BD00B9919EF3851A608C15 /* RobotViewModel.swift */; };
		D39C4BC279CFFCD6AA776AF3 /* IconGridHome.swift in Sources */ = {isa = PBXBuildFile; fileRef = 8EF8DDCAB14B1D650EDF35D0 /* IconGridHome.swift */; };
		D4F35E8220B56E8E0D68F344 /* AdaptAiWidgets.appex in Embed Foundation Extensions */ = {isa = PBXBuildFile; fileRef = 15A524983B96E2A9F6560B8B /* AdaptAiWidgets.appex */; settings = {ATTRIBUTES = (RemoveHeadersOnCopy, ); }; };
		D65635DAE7D62D7CCD34F51D /* MedicalIDCardView.swift in Sources */ = {isa = PBXBuildFile; fileRef = 46CABA9B7DD5E7282DBAD90C /* MedicalIDCardView.swift */; };
		D7722178D8FC2D38340ADC07 /* ComplexityQuizView.swift in Sources */ = {isa = PBXBuildFile; fileRef = 02C5491DDEB7A31A67B14AAB /* ComplexityQuizView.swift */; };
		DC7479EA8C460F7B1A444907 /* AdaptiveButton.swift in Sources */ = {isa = PBXBuildFile; fileRef = 51A6491208EB4C9FF0A13945 /* AdaptiveButton.swift */; };
		E49AB7C8C3ADBEEFBBB502F8 /* AdaptAiWatchApp.swift in Sources */ = {isa = PBXBuildFile; fileRef = 66FB9C17A70E5F77CAB08745 /* AdaptAiWatchApp.swift */; };
		E4D19B32CE97911CE1FA06B2 /* CrashCountdownOverlay.swift in Sources */ = {isa = PBXBuildFile; fileRef = 60043FA635AF0051F40F2BC9 /* CrashCountdownOverlay.swift */; };
		E4D33CB7F4DBB8D0A24E0D4C /* FamilyViewModel.swift in Sources */ = {isa = PBXBuildFile; fileRef = DD673467907B5A00366BE9DF /* FamilyViewModel.swift */; };
		EA83DFAE5054EFA5049E1399 /* EmergencyViewModel.swift in Sources */ = {isa = PBXBuildFile; fileRef = FB11320FBE9489145FF205C3 /* EmergencyViewModel.swift */; };
		EADB17819E259254037722DB /* FamilyView.swift in Sources */ = {isa = PBXBuildFile; fileRef = A9299A1ED9F18325E184CDD8 /* FamilyView.swift */; };
		F0662B0DC7808130E12073AD /* AppointmentView.swift in Sources */ = {isa = PBXBuildFile; fileRef = A1F22F4A9851877B3B654DB6 /* AppointmentView.swift */; };
		F06C5963ADBF69C01C572930 /* SettingsViewModel.swift in Sources */ = {isa = PBXBuildFile; fileRef = 358A488AC2A145E2533774D7 /* SettingsViewModel.swift */; };
		F37C37EBD1E1340F36A658EC /* SimpleSettingsView.swift in Sources */ = {isa = PBXBuildFile; fileRef = B0D941BD4576DF95A74106C9 /* SimpleSettingsView.swift */; };
		F75F42CAED26A6C716604875 /* HealthKitService.swift in Sources */ = {isa = PBXBuildFile; fileRef = F84D92208AB56B0C11D087D5 /* HealthKitService.swift */; };
		FA003ADFA6FF63B8AB69CEC4 /* WatchReminderView.swift in Sources */ = {isa = PBXBuildFile; fileRef = 12A667B15F3C3C404DA20986 /* WatchReminderView.swift */; };
		FAC0E28721B8C995CF38C2CF /* SimpleModeTabView.swift in Sources */ = {isa = PBXBuildFile; fileRef = 7C8DB52A13C3DA2FCD499A71 /* SimpleModeTabView.swift */; };
		FB0848558BF6EEC383CB9879 /* RoutineLiveActivityView.swift in Sources */ = {isa = PBXBuildFile; fileRef = F16CF1E189A00D6CD482C406 /* RoutineLiveActivityView.swift */; };
		FBDC9AC7F424FD54D874807B /* HealthChartsView.swift in Sources */ = {isa = PBXBuildFile; fileRef = AAB56C0802055A62F74C9B47 /* HealthChartsView.swift */; };
/* End PBXBuildFile section */

/* Begin PBXContainerItemProxy section */
		6791AE4596C4C64DD16A5BE6 /* PBXContainerItemProxy */ = {
			isa = PBXContainerItemProxy;
			containerPortal = 9910AD3C2A2DF2096D7B1E1A /* Project object */;
			proxyType = 1;
			remoteGlobalIDString = D50E47978659FF2D3DFC3333;
			remoteInfo = AdaptAiWidgets;
		};
		84047942BEA852E34928563A /* PBXContainerItemProxy */ = {
			isa = PBXContainerItemProxy;
			containerPortal = 9910AD3C2A2DF2096D7B1E1A /* Project object */;
			proxyType = 1;
			remoteGlobalIDString = 6C2C96E2E4EB59D5539A76AD;
			remoteInfo = AdaptAiLiveActivity;
		};
		DF831B4BD857C5997710015E /* PBXContainerItemProxy */ = {
			isa = PBXContainerItemProxy;
			containerPortal = 9910AD3C2A2DF2096D7B1E1A /* Project object */;
			proxyType = 1;
			remoteGlobalIDString = 0A668D19A4B8E08E4005F486;
			remoteInfo = AdaptAiIntents;
		};
/* End PBXContainerItemProxy section */

/* Begin PBXCopyFilesBuildPhase section */
		0C2E60749CB5535BD92E2C47 /* Embed Foundation Extensions */ = {
			isa = PBXCopyFilesBuildPhase;
			buildActionMask = 2147483647;
			dstPath = "";
			dstSubfolderSpec = 13;
			files = (
				D4F35E8220B56E8E0D68F344 /* AdaptAiWidgets.appex in Embed Foundation Extensions */,
				42EA5FEFA93B67C3DD83EF6D /* AdaptAiLiveActivity.appex in Embed Foundation Extensions */,
				425C22E8742095824E33C71E /* AdaptAiIntents.appex in Embed Foundation Extensions */,
			);
			name = "Embed Foundation Extensions";
			runOnlyForDeploymentPostprocessing = 0;
		};
/* End PBXCopyFilesBuildPhase section */

/* Begin PBXFileReference section */
		02C5491DDEB7A31A67B14AAB /* ComplexityQuizView.swift */ = {isa = PBXFileReference; lastKnownFileType = sourcecode.swift; path = ComplexityQuizView.swift; sourceTree = "<group>"; };
		091D8CD9BCCDB27CE6BB24D4 /* SimpleHomeView.swift */ = {isa = PBXFileReference; lastKnownFileType = sourcecode.swift; path = SimpleHomeView.swift; sourceTree = "<group>"; };
		0C074A22F1DF4A794E759119 /* ProgressRing.swift */ = {isa = PBXFileReference; lastKnownFileType = sourcecode.swift; path = ProgressRing.swift; sourceTree = "<group>"; };
		0C2B9FAB2A279FDC54D63C9C /* iPadAdaptations.swift */ = {isa = PBXFileReference; lastKnownFileType = sourcecode.swift; path = iPadAdaptations.swift; sourceTree = "<group>"; };
		0E10F349008DAB17E43CD7DC /* SpeechService.swift */ = {isa = PBXFileReference; lastKnownFileType = sourcecode.swift; path = SpeechService.swift; sourceTree = "<group>"; };
		12A667B15F3C3C404DA20986 /* WatchReminderView.swift */ = {isa = PBXFileReference; lastKnownFileType = sourcecode.swift; path = WatchReminderView.swift; sourceTree = "<group>"; };
		15A524983B96E2A9F6560B8B /* AdaptAiWidgets.appex */ = {isa = PBXFileReference; includeInIndex = 0; lastKnownFileType = "wrapper.app-extension"; path = AdaptAiWidgets.appex; sourceTree = BUILT_PRODUCTS_DIR; };
		16DE07C9704DADD343FC0CFA /* StartRoutineIntent.swift */ = {isa = PBXFileReference; lastKnownFileType = sourcecode.swift; path = StartRoutineIntent.swift; sourceTree = "<group>"; };
		18CFCC609DCEB3660CF328FC /* AdaptAiKit */ = {isa = PBXFileReference; lastKnownFileType = folder; name = AdaptAiKit; path = AdaptAiKit; sourceTree = SOURCE_ROOT; };
		19CD02DEE575AE972634CE85 /* DetailedListHome.swift */ = {isa = PBXFileReference; lastKnownFileType = sourcecode.swift; path = DetailedListHome.swift; sourceTree = "<group>"; };
		26450D939D94C1DE930DA916 /* AdaptAiApp.swift */ = {isa = PBXFileReference; lastKnownFileType = sourcecode.swift; path = AdaptAiApp.swift; sourceTree = "<group>"; };
		2A9C44AEBA08943EA016B8F8 /* WatchConnectivityManager.swift */ = {isa = PBXFileReference; lastKnownFileType = sourcecode.swift; path = WatchConnectivityManager.swift; sourceTree = "<group>"; };
		3130790F1125C901C0624451 /* MedicationView.swift */ = {isa = PBXFileReference; lastKnownFileType = sourcecode.swift; path = MedicationView.swift; sourceTree = "<group>"; };
		31B9F0CCB5DC38E1D129A42A /* LoginView.swift */ = {isa = PBXFileReference; lastKnownFileType = sourcecode.swift; path = LoginView.swift; sourceTree = "<group>"; };
		324475F2E8A0B2774FD69B8C /* AppointmentViewModel.swift */ = {isa = PBXFileReference; lastKnownFileType = sourcecode.swift; path = AppointmentViewModel.swift; sourceTree = "<group>"; };
		35098BE6BD0A8E2A2EE8734A /* NextRoutineWidget.swift */ = {isa = PBXFileReference; lastKnownFileType = sourcecode.swift; path = NextRoutineWidget.swift; sourceTree = "<group>"; };
		358A488AC2A145E2533774D7 /* SettingsViewModel.swift */ = {isa = PBXFileReference; lastKnownFileType = sourcecode.swift; path = SettingsViewModel.swift; sourceTree = "<group>"; };
		3890B640AE4DC8467FCC05E6 /* WatchEmergencyView.swift */ = {isa = PBXFileReference; lastKnownFileType = sourcecode.swift; path = WatchEmergencyView.swift; sourceTree = "<group>"; };
		38C0EC6743144FD4517E0935 /* EmergencyContactsView.swift */ = {isa = PBXFileReference; lastKnownFileType = sourcecode.swift; path = EmergencyContactsView.swift; sourceTree = "<group>"; };
		3B838102CFC5B3BD55B5F41C /* WatchHomeView.swift */ = {isa = PBXFileReference; lastKnownFileType = sourcecode.swift; path = WatchHomeView.swift; sourceTree = "<group>"; };
		3DCA77D378199E497CF68255 /* PatientMedicationsView.swift */ = {isa = PBXFileReference; lastKnownFileType = sourcecode.swift; path = PatientMedicationsView.swift; sourceTree = "<group>"; };
		415779D0611706EF0247CEAA /* RegisterView.swift */ = {isa = PBXFileReference; lastKnownFileType = sourcecode.swift; path = RegisterView.swift; sourceTree = "<group>"; };
		45E4D8DE4638451AF1A72C12 /* CreditsView.swift */ = {isa = PBXFileReference; lastKnownFileType = sourcecode.swift; path = CreditsView.swift; sourceTree = "<group>"; };
		46CABA9B7DD5E7282DBAD90C /* MedicalIDCardView.swift */ = {isa = PBXFileReference; lastKnownFileType = sourcecode.swift; path = MedicalIDCardView.swift; sourceTree = "<group>"; };
		48DAE949D4AEAF95D1D4681D /* RobotPairingView.swift */ = {isa = PBXFileReference; lastKnownFileType = sourcecode.swift; path = RobotPairingView.swift; sourceTree = "<group>"; };
		497BA71EB26DD9A547ACA313 /* AuthViewModel.swift */ = {isa = PBXFileReference; lastKnownFileType = sourcecode.swift; path = AuthViewModel.swift; sourceTree = "<group>"; };
		4C6471152374BD0C7C50D8C5 /* CalendarService.swift */ = {isa = PBXFileReference; lastKnownFileType = sourcecode.swift; path = CalendarService.swift; sourceTree = "<group>"; };
		4D9367C85552ACE545BB25EF /* Info.plist */ = {isa = PBXFileReference; lastKnownFileType = text.plist; path = Info.plist; sourceTree = "<group>"; };
		51A6491208EB4C9FF0A13945 /* AdaptiveButton.swift */ = {isa = PBXFileReference; lastKnownFileType = sourcecode.swift; path = AdaptiveButton.swift; sourceTree = "<group>"; };
		558625FBB68E46C15CB71B94 /* MedicationViewModel.swift */ = {isa = PBXFileReference; lastKnownFileType = sourcecode.swift; path = MedicationViewModel.swift; sourceTree = "<group>"; };
		5B132996DF9036A97CE053C4 /* DailyProgressWidget.swift */ = {isa = PBXFileReference; lastKnownFileType = sourcecode.swift; path = DailyProgressWidget.swift; sourceTree = "<group>"; };
		5BC0A06391E29B12F03BA3F4 /* AdaptiveCard.swift */ = {isa = PBXFileReference; lastKnownFileType = sourcecode.swift; path = AdaptiveCard.swift; sourceTree = "<group>"; };
		60043FA635AF0051F40F2BC9 /* CrashCountdownOverlay.swift */ = {isa = PBXFileReference; lastKnownFileType = sourcecode.swift; path = CrashCountdownOverlay.swift; sourceTree = "<group>"; };
		66FB9C17A70E5F77CAB08745 /* AdaptAiWatchApp.swift */ = {isa = PBXFileReference; lastKnownFileType = sourcecode.swift; path = AdaptAiWatchApp.swift; sourceTree = "<group>"; };
		7043D0EED145CC069B1A6D30 /* WidgetBundle.swift */ = {isa = PBXFileReference; lastKnownFileType = sourcecode.swift; path = WidgetBundle.swift; sourceTree = "<group>"; };
		72BD00B9919EF3851A608C15 /* RobotViewModel.swift */ = {isa = PBXFileReference; lastKnownFileType = sourcecode.swift; path = RobotViewModel.swift; sourceTree = "<group>"; };
		7AC8F831AC0E68E96C12A1F4 /* TermsView.swift */ = {isa = PBXFileReference; lastKnownFileType = sourcecode.swift; path = TermsView.swift; sourceTree = "<group>"; };
		7C8DB52A13C3DA2FCD499A71 /* SimpleModeTabView.swift */ = {isa = PBXFileReference; lastKnownFileType = sourcecode.swift; path = SimpleModeTabView.swift; sourceTree = "<group>"; };
		7E60F17955A15A34D0AE1DE7 /* InviteCodeView.swift */ = {isa = PBXFileReference; lastKnownFileType = sourcecode.swift; path = InviteCodeView.swift; sourceTree = "<group>"; };
		825B9F0DBCFCEB3C73CD05D0 /* ThemeManager.swift */ = {isa = PBXFileReference; lastKnownFileType = sourcecode.swift; path = ThemeManager.swift; sourceTree = "<group>"; };
		84C37A1AEE9CF5CD2993B34F /* SampleData.swift */ = {isa = PBXFileReference; lastKnownFileType = sourcecode.swift; path = SampleData.swift; sourceTree = "<group>"; };
		87FBE6574CE5D6B6832E3C66 /* ContentView.swift */ = {isa = PBXFileReference; lastKnownFileType = sourcecode.swift; path = ContentView.swift; sourceTree = "<group>"; };
		8814A6E71B965E32EDCBF6DC /* AdaptiveHomeView.swift */ = {isa = PBXFileReference; lastKnownFileType = sourcecode.swift; path = AdaptiveHomeView.swift; sourceTree = "<group>"; };
		8A4351C9533EFD50BB27A701 /* JarvisService.swift */ = {isa = PBXFileReference; lastKnownFileType = sourcecode.swift; path = JarvisService.swift; sourceTree = "<group>"; };
		8BA6084F97B94F8055FD32F8 /* AdaptAi.app */ = {isa = PBXFileReference; includeInIndex = 0; lastKnownFileType = wrapper.application; path = AdaptAi.app; sourceTree = BUILT_PRODUCTS_DIR; };
		8EF8DDCAB14B1D650EDF35D0 /* IconGridHome.swift */ = {isa = PBXFileReference; lastKnownFileType = sourcecode.swift; path = IconGridHome.swift; sourceTree = "<group>"; };
		9234D7B18EE05721B8B2E0B6 /* Assets.xcassets */ = {isa = PBXFileReference; lastKnownFileType = folder.assetcatalog; path = Assets.xcassets; sourceTree = "<group>"; };
		9402571E087D858992F58123 /* AdaptAiWatch.app */ = {isa = PBXFileReference; explicitFileType = wrapper.application; includeInIndex = 0; path = AdaptAiWatch.app; sourceTree = BUILT_PRODUCTS_DIR; };
		95B23E3C6E2EC0CDAACD7D83 /* AdaptAiLiveActivity.appex */ = {isa = PBXFileReference; includeInIndex = 0; lastKnownFileType = "wrapper.app-extension"; path = AdaptAiLiveActivity.appex; sourceTree = BUILT_PRODUCTS_DIR; };
		9701A184DACFB281F069217F /* HealthView.swift */ = {isa = PBXFileReference; lastKnownFileType = sourcecode.swift; path = HealthView.swift; sourceTree = "<group>"; };
		9BD20F94B059C097172735A7 /* CrashDetectionService.swift */ = {isa = PBXFileReference; lastKnownFileType = sourcecode.swift; path = CrashDetectionService.swift; sourceTree = "<group>"; };
		9D7474F4D0A1BAE95D0CBF1A /* PatientDetailView.swift */ = {isa = PBXFileReference; lastKnownFileType = sourcecode.swift; path = PatientDetailView.swift; sourceTree = "<group>"; };
		A07AB4CAC6CF09006A246608 /* RoutinePlayerViewModel.swift */ = {isa = PBXFileReference; lastKnownFileType = sourcecode.swift; path = RoutinePlayerViewModel.swift; sourceTree = "<group>"; };
		A1DBF16E4E6DC318FE294BB0 /* LocationService.swift */ = {isa = PBXFileReference; lastKnownFileType = sourcecode.swift; path = LocationService.swift; sourceTree = "<group>"; };
		A1F22F4A9851877B3B654DB6 /* AppointmentView.swift */ = {isa = PBXFileReference; lastKnownFileType = sourcecode.swift; path = AppointmentView.swift; sourceTree = "<group>"; };
		A324C0BCA68998F9D8E23068 /* CaregiverRemindersView.swift */ = {isa = PBXFileReference; lastKnownFileType = sourcecode.swift; path = CaregiverRemindersView.swift; sourceTree = "<group>"; };
		A4A8A925345D555EFD50F3F1 /* WatchRoutinePlayerView.swift */ = {isa = PBXFileReference; lastKnownFileType = sourcecode.swift; path = WatchRoutinePlayerView.swift; sourceTree = "<group>"; };
		A9299A1ED9F18325E184CDD8 /* FamilyView.swift */ = {isa = PBXFileReference; lastKnownFileType = sourcecode.swift; path = FamilyView.swift; sourceTree = "<group>"; };
		AA8B0273D67E621745CAEDCE /* CheckProgressIntent.swift */ = {isa = PBXFileReference; lastKnownFileType = sourcecode.swift; path = CheckProgressIntent.swift; sourceTree = "<group>"; };
		AAB56C0802055A62F74C9B47 /* HealthChartsView.swift */ = {isa = PBXFileReference; lastKnownFileType = sourcecode.swift; path = HealthChartsView.swift; sourceTree = "<group>"; };
		ABC2CD3965079FFAE421675A /* StallBanner.swift */ = {isa = PBXFileReference; lastKnownFileType = sourcecode.swift; path = StallBanner.swift; sourceTree = "<group>"; };
		B0D941BD4576DF95A74106C9 /* SimpleSettingsView.swift */ = {isa = PBXFileReference; lastKnownFileType = sourcecode.swift; path = SimpleSettingsView.swift; sourceTree = "<group>"; };
		B29093E2121DF7AF33802B94 /* AdaptiveModifier.swift */ = {isa = PBXFileReference; lastKnownFileType = sourcecode.swift; path = AdaptiveModifier.swift; sourceTree = "<group>"; };
		B2EA92D5A6FF7837BFB5B927 /* Typography.swift */ = {isa = PBXFileReference; lastKnownFileType = sourcecode.swift; path = Typography.swift; sourceTree = "<group>"; };
		B3744A76891C3C911F525B9F /* SimpleListHome.swift */ = {isa = PBXFileReference; lastKnownFileType = sourcecode.swift; path = SimpleListHome.swift; sourceTree = "<group>"; };
		BA020F5907AC157B3C72E680 /* CaregiverStatsView.swift */ = {isa = PBXFileReference; lastKnownFileType = sourcecode.swift; path = CaregiverStatsView.swift; sourceTree = "<group>"; };
		BA11D62DCA7E3CB0FD13638C /* SettingsView.swift */ = {isa = PBXFileReference; lastKnownFileType = sourcecode.swift; path = SettingsView.swift; sourceTree = "<group>"; };
		C1AF1734ED88199C28DEEDB6 /* MedicationWidget.swift */ = {isa = PBXFileReference; lastKnownFileType = sourcecode.swift; path = MedicationWidget.swift; sourceTree = "<group>"; };
		C7CA48F3F6B410540FB94532 /* RoutinePlayerView.swift */ = {isa = PBXFileReference; lastKnownFileType = sourcecode.swift; path = RoutinePlayerView.swift; sourceTree = "<group>"; };
		CA18764143D8C526CE76F4D7 /* GuestModeBanner.swift */ = {isa = PBXFileReference; lastKnownFileType = sourcecode.swift; path = GuestModeBanner.swift; sourceTree = "<group>"; };
		D23B9D0F6039AB56A736031C /* AdaptAiComplications.swift */ = {isa = PBXFileReference; lastKnownFileType = sourcecode.swift; path = AdaptAiComplications.swift; sourceTree = "<group>"; };
		D3DD4206AF8660BD30B0C032 /* RoutineActivityAttributes.swift */ = {isa = PBXFileReference; lastKnownFileType = sourcecode.swift; path = RoutineActivityAttributes.swift; sourceTree = "<group>"; };
		DBEF4B57A4D704F81EEAAA3F /* RoutineListView.swift */ = {isa = PBXFileReference; lastKnownFileType = sourcecode.swift; path = RoutineListView.swift; sourceTree = "<group>"; };
		DD149F0E1DA1D91E6FDB9C3C /* EmergencyView.swift */ = {isa = PBXFileReference; lastKnownFileType = sourcecode.swift; path = EmergencyView.swift; sourceTree = "<group>"; };
		DD60420D9DF962EBE37A9C97 /* EmergencyWidget.swift */ = {isa = PBXFileReference; lastKnownFileType = sourcecode.swift; path = EmergencyWidget.swift; sourceTree = "<group>"; };
		DD673467907B5A00366BE9DF /* FamilyViewModel.swift */ = {isa = PBXFileReference; lastKnownFileType = sourcecode.swift; path = FamilyViewModel.swift; sourceTree = "<group>"; };
		E1A3F14F421D2CA3C7851FC3 /* CallCaregiverIntent.swift */ = {isa = PBXFileReference; lastKnownFileType = sourcecode.swift; path = CallCaregiverIntent.swift; sourceTree = "<group>"; };
		E8134205CEAD73E25C4557ED /* RobotStatusView.swift */ = {isa = PBXFileReference; lastKnownFileType = sourcecode.swift; path = RobotStatusView.swift; sourceTree = "<group>"; };
		E941F85FE7E6675E9DE933DB /* PatientProfileView.swift */ = {isa = PBXFileReference; lastKnownFileType = sourcecode.swift; path = PatientProfileView.swift; sourceTree = "<group>"; };
		EA4BE68EEC3C272A1231D40B /* AdaptAiWidgets.entitlements */ = {isa = PBXFileReference; lastKnownFileType = text.plist.entitlements; path = AdaptAiWidgets.entitlements; sourceTree = "<group>"; };
		EC9791BE6B53CB82B3879154 /* RobotChatView.swift */ = {isa = PBXFileReference; lastKnownFileType = sourcecode.swift; path = RobotChatView.swift; sourceTree = "<group>"; };
		EFF64F0908739CD7E47AD33D /* HapticsService.swift */ = {isa = PBXFileReference; lastKnownFileType = sourcecode.swift; path = HapticsService.swift; sourceTree = "<group>"; };
		F00D59EA100086B61F93D9CD /* BrandColors.swift */ = {isa = PBXFileReference; lastKnownFileType = sourcecode.swift; path = BrandColors.swift; sourceTree = "<group>"; };
		F16CF1E189A00D6CD482C406 /* RoutineLiveActivityView.swift */ = {isa = PBXFileReference; lastKnownFileType = sourcecode.swift; path = RoutineLiveActivityView.swift; sourceTree = "<group>"; };
		F34BCFD08628FE64A2E88D56 /* AdaptAi.entitlements */ = {isa = PBXFileReference; lastKnownFileType = text.plist.entitlements; path = AdaptAi.entitlements; sourceTree = "<group>"; };
		F3F2DB1ABC99EF30628CB56F /* HomeViewModel.swift */ = {isa = PBXFileReference; lastKnownFileType = sourcecode.swift; path = HomeViewModel.swift; sourceTree = "<group>"; };
		F5E32B83AE11ABDF978C2460 /* LostModeView.swift */ = {isa = PBXFileReference; lastKnownFileType = sourcecode.swift; path = LostModeView.swift; sourceTree = "<group>"; };
		F6B6ED63D172847DC242A62E /* AdaptAiIntents.appex */ = {isa = PBXFileReference; includeInIndex = 0; lastKnownFileType = "wrapper.app-extension"; path = AdaptAiIntents.appex; sourceTree = BUILT_PRODUCTS_DIR; };
		F84D92208AB56B0C11D087D5 /* HealthKitService.swift */ = {isa = PBXFileReference; lastKnownFileType = sourcecode.swift; path = HealthKitService.swift; sourceTree = "<group>"; };
		FB11320FBE9489145FF205C3 /* EmergencyViewModel.swift */ = {isa = PBXFileReference; lastKnownFileType = sourcecode.swift; path = EmergencyViewModel.swift; sourceTree = "<group>"; };
		FB9A2E4F84386959C1A83AF9 /* NotificationService.swift */ = {isa = PBXFileReference; lastKnownFileType = sourcecode.swift; path = NotificationService.swift; sourceTree = "<group>"; };
		FCA127B925F86A5AAAED7F31 /* OnboardingView.swift */ = {isa = PBXFileReference; lastKnownFileType = sourcecode.swift; path = OnboardingView.swift; sourceTree = "<group>"; };
/* End PBXFileReference section */

/* Begin PBXFrameworksBuildPhase section */
		12D31292AFC8786CFAD34CF3 /* Frameworks */ = {
			isa = PBXFrameworksBuildPhase;
			buildActionMask = 2147483647;
			files = (
				441DCF6F36A6035FFB00EF6A /* AdaptAiKit in Frameworks */,
			);
			runOnlyForDeploymentPostprocessing = 0;
		};
		2B990C8AD1C2EA785F14E77F /* Frameworks */ = {
			isa = PBXFrameworksBuildPhase;
			buildActionMask = 2147483647;
			files = (
				AC9741A44E1EC44BA3FD6527 /* AdaptAiKit in Frameworks */,
			);
			runOnlyForDeploymentPostprocessing = 0;
		};
		BA273677787B8257709C2069 /* Frameworks */ = {
			isa = PBXFrameworksBuildPhase;
			buildActionMask = 2147483647;
			files = (
				456ACE7D05E5D4F6F05E956F /* AdaptAiKit in Frameworks */,
			);
			runOnlyForDeploymentPostprocessing = 0;
		};
		C133174F9B32608FF5DA5CAA /* Frameworks */ = {
			isa = PBXFrameworksBuildPhase;
			buildActionMask = 2147483647;
			files = (
				14718E217D8669D0DC72193C /* AdaptAiKit in Frameworks */,
			);
			runOnlyForDeploymentPostprocessing = 0;
		};
		F691099C8A69893D919195D6 /* Frameworks */ = {
			isa = PBXFrameworksBuildPhase;
			buildActionMask = 2147483647;
			files = (
				5971CB011D624F7D187CB02D /* AdaptAiKit in Frameworks */,
			);
			runOnlyForDeploymentPostprocessing = 0;
		};
/* End PBXFrameworksBuildPhase section */

/* Begin PBXGroup section */
		03B364EF0B98D6546C30C34B /* Packages */ = {
			isa = PBXGroup;
			children = (
				18CFCC609DCEB3660CF328FC /* AdaptAiKit */,
			);
			name = Packages;
			sourceTree = "<group>";
		};
		095D0EEE7BF15073AD8B991C /* SimpleMode */ = {
			isa = PBXGroup;
			children = (
				091D8CD9BCCDB27CE6BB24D4 /* SimpleHomeView.swift */,
				7C8DB52A13C3DA2FCD499A71 /* SimpleModeTabView.swift */,
				B0D941BD4576DF95A74106C9 /* SimpleSettingsView.swift */,
			);
			path = SimpleMode;
			sourceTree = "<group>";
		};
		12B5D1B004BD0A73D3FD66A9 = {
			isa = PBXGroup;
			children = (
				64A11FAAF04E22940BF7AB11 /* AdaptAi */,
				CB841EDB85954AF9FA51B158 /* AdaptAiIntents */,
				3FA44F2202C15DEDF1F06735 /* AdaptAiLiveActivity */,
				9E92C922B1D0E109C57F4690 /* AdaptAiWatch */,
				C11EA52609523A0160FCC4D0 /* AdaptAiWidgets */,
				03B364EF0B98D6546C30C34B /* Packages */,
				47B704821668036AEA42DE27 /* Products */,
			);
			sourceTree = "<group>";
		};
		135785093065FE6938187518 /* Components */ = {
			isa = PBXGroup;
			children = (
				51A6491208EB4C9FF0A13945 /* AdaptiveButton.swift */,
				5BC0A06391E29B12F03BA3F4 /* AdaptiveCard.swift */,
				60043FA635AF0051F40F2BC9 /* CrashCountdownOverlay.swift */,
				CA18764143D8C526CE76F4D7 /* GuestModeBanner.swift */,
				0C074A22F1DF4A794E759119 /* ProgressRing.swift */,
				ABC2CD3965079FFAE421675A /* StallBanner.swift */,
			);
			path = Components;
			sourceTree = "<group>";
		};
		2208E0496F1C50710B5C8B2B /* Health */ = {
			isa = PBXGroup;
			children = (
				AAB56C0802055A62F74C9B47 /* HealthChartsView.swift */,
				9701A184DACFB281F069217F /* HealthView.swift */,
			);
			path = Health;
			sourceTree = "<group>";
		};
		2608A5249AC04D00769CD66D /* Views */ = {
			isa = PBXGroup;
			children = (
				6DF24BAA5DE1B1D8B6D0A864 /* Auth */,
				135785093065FE6938187518 /* Components */,
				78F1E1282E5DEC683B11AFFC /* Family */,
				2208E0496F1C50710B5C8B2B /* Health */,
				EB4AA536C5189D3DE762EC1E /* Home */,
				799CE88FF216617C2A04AB73 /* Medications */,
				647C0080837405033A865509 /* Onboarding */,
				4DDB32FE7EE040CCFFD535B9 /* Robot */,
				572E97298FDB84BBECBD7C47 /* Routines */,
				39D24314E11D82C5775DE7A8 /* Safety */,
				E3108841475B76BBE6803FE9 /* Settings */,
				095D0EEE7BF15073AD8B991C /* SimpleMode */,
			);
			path = Views;
			sourceTree = "<group>";
		};
		2DB32B0A25F5CEDBB158B0AD /* Complications */ = {
			isa = PBXGroup;
			children = (
				D23B9D0F6039AB56A736031C /* AdaptAiComplications.swift */,
			);
			path = Complications;
			sourceTree = "<group>";
		};
		39D24314E11D82C5775DE7A8 /* Safety */ = {
			isa = PBXGroup;
			children = (
				38C0EC6743144FD4517E0935 /* EmergencyContactsView.swift */,
				DD149F0E1DA1D91E6FDB9C3C /* EmergencyView.swift */,
				F5E32B83AE11ABDF978C2460 /* LostModeView.swift */,
				46CABA9B7DD5E7282DBAD90C /* MedicalIDCardView.swift */,
			);
			path = Safety;
			sourceTree = "<group>";
		};
		3FA44F2202C15DEDF1F06735 /* AdaptAiLiveActivity */ = {
			isa = PBXGroup;
			children = (
				D3DD4206AF8660BD30B0C032 /* RoutineActivityAttributes.swift */,
				F16CF1E189A00D6CD482C406 /* RoutineLiveActivityView.swift */,
			);
			path = AdaptAiLiveActivity;
			sourceTree = "<group>";
		};
		42852DBD7B869935F1230A24 /* Utilities */ = {
			isa = PBXGroup;
			children = (
				B29093E2121DF7AF33802B94 /* AdaptiveModifier.swift */,
				F00D59EA100086B61F93D9CD /* BrandColors.swift */,
				9BD20F94B059C097172735A7 /* CrashDetectionService.swift */,
				EFF64F0908739CD7E47AD33D /* HapticsService.swift */,
				0C2B9FAB2A279FDC54D63C9C /* iPadAdaptations.swift */,
				8A4351C9533EFD50BB27A701 /* JarvisService.swift */,
				A1DBF16E4E6DC318FE294BB0 /* LocationService.swift */,
				FB9A2E4F84386959C1A83AF9 /* NotificationService.swift */,
				0E10F349008DAB17E43CD7DC /* SpeechService.swift */,
				825B9F0DBCFCEB3C73CD05D0 /* ThemeManager.swift */,
				B2EA92D5A6FF7837BFB5B927 /* Typography.swift */,
			);
			path = Utilities;
			sourceTree = "<group>";
		};
		47B704821668036AEA42DE27 /* Products */ = {
			isa = PBXGroup;
			children = (
				8BA6084F97B94F8055FD32F8 /* AdaptAi.app */,
				F6B6ED63D172847DC242A62E /* AdaptAiIntents.appex */,
				95B23E3C6E2EC0CDAACD7D83 /* AdaptAiLiveActivity.appex */,
				9402571E087D858992F58123 /* AdaptAiWatch.app */,
				15A524983B96E2A9F6560B8B /* AdaptAiWidgets.appex */,
			);
			name = Products;
			sourceTree = "<group>";
		};
		4DDB32FE7EE040CCFFD535B9 /* Robot */ = {
			isa = PBXGroup;
			children = (
				EC9791BE6B53CB82B3879154 /* RobotChatView.swift */,
				48DAE949D4AEAF95D1D4681D /* RobotPairingView.swift */,
				E8134205CEAD73E25C4557ED /* RobotStatusView.swift */,
			);
			path = Robot;
			sourceTree = "<group>";
		};
		5098A2B75EBBBD13642BA522 /* Services */ = {
			isa = PBXGroup;
			children = (
				4C6471152374BD0C7C50D8C5 /* CalendarService.swift */,
				F84D92208AB56B0C11D087D5 /* HealthKitService.swift */,
			);
			path = Services;
			sourceTree = "<group>";
		};
		572E97298FDB84BBECBD7C47 /* Routines */ = {
			isa = PBXGroup;
			children = (
				DBEF4B57A4D704F81EEAAA3F /* RoutineListView.swift */,
				C7CA48F3F6B410540FB94532 /* RoutinePlayerView.swift */,
			);
			path = Routines;
			sourceTree = "<group>";
		};
		647C0080837405033A865509 /* Onboarding */ = {
			isa = PBXGroup;
			children = (
				02C5491DDEB7A31A67B14AAB /* ComplexityQuizView.swift */,
				FCA127B925F86A5AAAED7F31 /* OnboardingView.swift */,
			);
			path = Onboarding;
			sourceTree = "<group>";
		};
		64A11FAAF04E22940BF7AB11 /* AdaptAi */ = {
			isa = PBXGroup;
			children = (
				6D7FAB225FBA57B0A50D05F5 /* Data */,
				5098A2B75EBBBD13642BA522 /* Services */,
				42852DBD7B869935F1230A24 /* Utilities */,
				ED4370A46E1881F84867594D /* ViewModels */,
				2608A5249AC04D00769CD66D /* Views */,
				F34BCFD08628FE64A2E88D56 /* AdaptAi.entitlements */,
				26450D939D94C1DE930DA916 /* AdaptAiApp.swift */,
				9234D7B18EE05721B8B2E0B6 /* Assets.xcassets */,
				87FBE6574CE5D6B6832E3C66 /* ContentView.swift */,
				4D9367C85552ACE545BB25EF /* Info.plist */,
			);
			path = AdaptAi;
			sourceTree = "<group>";
		};
		6876FC9AE17CE1D3056DB61B /* Views */ = {
			isa = PBXGroup;
			children = (
				3890B640AE4DC8467FCC05E6 /* WatchEmergencyView.swift */,
				3B838102CFC5B3BD55B5F41C /* WatchHomeView.swift */,
				12A667B15F3C3C404DA20986 /* WatchReminderView.swift */,
				A4A8A925345D555EFD50F3F1 /* WatchRoutinePlayerView.swift */,
			);
			path = Views;
			sourceTree = "<group>";
		};
		6D7FAB225FBA57B0A50D05F5 /* Data */ = {
			isa = PBXGroup;
			children = (
				84C37A1AEE9CF5CD2993B34F /* SampleData.swift */,
			);
			path = Data;
			sourceTree = "<group>";
		};
		6DF24BAA5DE1B1D8B6D0A864 /* Auth */ = {
			isa = PBXGroup;
			children = (
				31B9F0CCB5DC38E1D129A42A /* LoginView.swift */,
				415779D0611706EF0247CEAA /* RegisterView.swift */,
			);
			path = Auth;
			sourceTree = "<group>";
		};
		78F1E1282E5DEC683B11AFFC /* Family */ = {
			isa = PBXGroup;
			children = (
				A324C0BCA68998F9D8E23068 /* CaregiverRemindersView.swift */,
				BA020F5907AC157B3C72E680 /* CaregiverStatsView.swift */,
				A9299A1ED9F18325E184CDD8 /* FamilyView.swift */,
				7E60F17955A15A34D0AE1DE7 /* InviteCodeView.swift */,
				9D7474F4D0A1BAE95D0CBF1A /* PatientDetailView.swift */,
				3DCA77D378199E497CF68255 /* PatientMedicationsView.swift */,
			);
			path = Family;
			sourceTree = "<group>";
		};
		799CE88FF216617C2A04AB73 /* Medications */ = {
			isa = PBXGroup;
			children = (
				A1F22F4A9851877B3B654DB6 /* AppointmentView.swift */,
				3130790F1125C901C0624451 /* MedicationView.swift */,
			);
			path = Medications;
			sourceTree = "<group>";
		};
		9E92C922B1D0E109C57F4690 /* AdaptAiWatch */ = {
			isa = PBXGroup;
			children = (
				2DB32B0A25F5CEDBB158B0AD /* Complications */,
				6876FC9AE17CE1D3056DB61B /* Views */,
				66FB9C17A70E5F77CAB08745 /* AdaptAiWatchApp.swift */,
				2A9C44AEBA08943EA016B8F8 /* WatchConnectivityManager.swift */,
			);
			path = AdaptAiWatch;
			sourceTree = "<group>";
		};
		C11EA52609523A0160FCC4D0 /* AdaptAiWidgets */ = {
			isa = PBXGroup;
			children = (
				EA4BE68EEC3C272A1231D40B /* AdaptAiWidgets.entitlements */,
				5B132996DF9036A97CE053C4 /* DailyProgressWidget.swift */,
				DD60420D9DF962EBE37A9C97 /* EmergencyWidget.swift */,
				C1AF1734ED88199C28DEEDB6 /* MedicationWidget.swift */,
				35098BE6BD0A8E2A2EE8734A /* NextRoutineWidget.swift */,
				7043D0EED145CC069B1A6D30 /* WidgetBundle.swift */,
			);
			path = AdaptAiWidgets;
			sourceTree = "<group>";
		};
		CB841EDB85954AF9FA51B158 /* AdaptAiIntents */ = {
			isa = PBXGroup;
			children = (
				E1A3F14F421D2CA3C7851FC3 /* CallCaregiverIntent.swift */,
				AA8B0273D67E621745CAEDCE /* CheckProgressIntent.swift */,
				16DE07C9704DADD343FC0CFA /* StartRoutineIntent.swift */,
			);
			path = AdaptAiIntents;
			sourceTree = "<group>";
		};
		E3108841475B76BBE6803FE9 /* Settings */ = {
			isa = PBXGroup;
			children = (
				45E4D8DE4638451AF1A72C12 /* CreditsView.swift */,
				E941F85FE7E6675E9DE933DB /* PatientProfileView.swift */,
				BA11D62DCA7E3CB0FD13638C /* SettingsView.swift */,
				7AC8F831AC0E68E96C12A1F4 /* TermsView.swift */,
			);
			path = Settings;
			sourceTree = "<group>";
		};
		EB4AA536C5189D3DE762EC1E /* Home */ = {
			isa = PBXGroup;
			children = (
				8814A6E71B965E32EDCBF6DC /* AdaptiveHomeView.swift */,
				19CD02DEE575AE972634CE85 /* DetailedListHome.swift */,
				8EF8DDCAB14B1D650EDF35D0 /* IconGridHome.swift */,
				B3744A76891C3C911F525B9F /* SimpleListHome.swift */,
			);
			path = Home;
			sourceTree = "<group>";
		};
		ED4370A46E1881F84867594D /* ViewModels */ = {
			isa = PBXGroup;
			children = (
				324475F2E8A0B2774FD69B8C /* AppointmentViewModel.swift */,
				497BA71EB26DD9A547ACA313 /* AuthViewModel.swift */,
				FB11320FBE9489145FF205C3 /* EmergencyViewModel.swift */,
				DD673467907B5A00366BE9DF /* FamilyViewModel.swift */,
				F3F2DB1ABC99EF30628CB56F /* HomeViewModel.swift */,
				558625FBB68E46C15CB71B94 /* MedicationViewModel.swift */,
				72BD00B9919EF3851A608C15 /* RobotViewModel.swift */,
				A07AB4CAC6CF09006A246608 /* RoutinePlayerViewModel.swift */,
				358A488AC2A145E2533774D7 /* SettingsViewModel.swift */,
			);
			path = ViewModels;
			sourceTree = "<group>";
		};
/* End PBXGroup section */

/* Begin PBXNativeTarget section */
		0A668D19A4B8E08E4005F486 /* AdaptAiIntents */ = {
			isa = PBXNativeTarget;
			buildConfigurationList = DE0547A92D02A751B07FB4DC /* Build configuration list for PBXNativeTarget "AdaptAiIntents" */;
			buildPhases = (
				C7CA2D58C8CD6675B0221ABA /* Sources */,
				C133174F9B32608FF5DA5CAA /* Frameworks */,
			);
			buildRules = (
			);
			dependencies = (
			);
			name = AdaptAiIntents;
			packageProductDependencies = (
				F13BB66D3A1BFBFCA2880CC7 /* AdaptAiKit */,
			);
			productName = AdaptAiIntents;
			productReference = F6B6ED63D172847DC242A62E /* AdaptAiIntents.appex */;
			productType = "com.apple.product-type.app-extension";
		};
		4ECB27837F60E332D65CEE5F /* AdaptAiWatch */ = {
			isa = PBXNativeTarget;
			buildConfigurationList = 3B15487232C84CD6B54A769E /* Build configuration list for PBXNativeTarget "AdaptAiWatch" */;
			buildPhases = (
				0D07D919C9F3C68EA65CE490 /* Sources */,
				F691099C8A69893D919195D6 /* Frameworks */,
			);
			buildRules = (
			);
			dependencies = (
			);
			name = AdaptAiWatch;
			packageProductDependencies = (
				F26B1A60827E60814A929389 /* AdaptAiKit */,
			);
			productName = AdaptAiWatch;
			productReference = 9402571E087D858992F58123 /* AdaptAiWatch.app */;
			productType = "com.apple.product-type.application";
		};
		62111130E10AD4EB71D9EF0E /* AdaptAi */ = {
			isa = PBXNativeTarget;
			buildConfigurationList = 13F97ED21FA7E7117ECB01DC /* Build configuration list for PBXNativeTarget "AdaptAi" */;
			buildPhases = (
				177EF678189297B70215B4B1 /* Sources */,
				E8A8BD5EF3A16F3132E352E3 /* Resources */,
				12D31292AFC8786CFAD34CF3 /* Frameworks */,
				0C2E60749CB5535BD92E2C47 /* Embed Foundation Extensions */,
			);
			buildRules = (
			);
			dependencies = (
				9EED38BF2D32E722C99CCAC0 /* PBXTargetDependency */,
				0799A3B755932C2DA74DDE46 /* PBXTargetDependency */,
				E7847D8840FA03C70BBEFB78 /* PBXTargetDependency */,
			);
			name = AdaptAi;
			packageProductDependencies = (
				4B4EFCA5F7437FCE54482B4F /* AdaptAiKit */,
			);
			productName = AdaptAi;
			productReference = 8BA6084F97B94F8055FD32F8 /* AdaptAi.app */;
			productType = "com.apple.product-type.application";
		};
		6C2C96E2E4EB59D5539A76AD /* AdaptAiLiveActivity */ = {
			isa = PBXNativeTarget;
			buildConfigurationList = B14F51FE7888D948BED316AE /* Build configuration list for PBXNativeTarget "AdaptAiLiveActivity" */;
			buildPhases = (
				7395CF1F7BFC880321E3918F /* Sources */,
				2B990C8AD1C2EA785F14E77F /* Frameworks */,
			);
			buildRules = (
			);
			dependencies = (
			);
			name = AdaptAiLiveActivity;
			packageProductDependencies = (
				4C1E1382298F511A1DCFDB9D /* AdaptAiKit */,
			);
			productName = AdaptAiLiveActivity;
			productReference = 95B23E3C6E2EC0CDAACD7D83 /* AdaptAiLiveActivity.appex */;
			productType = "com.apple.product-type.app-extension";
		};
		D50E47978659FF2D3DFC3333 /* AdaptAiWidgets */ = {
			isa = PBXNativeTarget;
			buildConfigurationList = C1A571A3A1C072CDDC63501A /* Build configuration list for PBXNativeTarget "AdaptAiWidgets" */;
			buildPhases = (
				ACD1D8FAE9C8843CDC950C60 /* Sources */,
				BA273677787B8257709C2069 /* Frameworks */,
			);
			buildRules = (
			);
			dependencies = (
			);
			name = AdaptAiWidgets;
			packageProductDependencies = (
				8D4653D95B75020FCD49FBF2 /* AdaptAiKit */,
			);
			productName = AdaptAiWidgets;
			productReference = 15A524983B96E2A9F6560B8B /* AdaptAiWidgets.appex */;
			productType = "com.apple.product-type.app-extension";
		};
/* End PBXNativeTarget section */

/* Begin PBXProject section */
		9910AD3C2A2DF2096D7B1E1A /* Project object */ = {
			isa = PBXProject;
			attributes = {
				BuildIndependentTargetsInParallel = YES;
				LastUpgradeCheck = 1500;
				TargetAttributes = {
					0A668D19A4B8E08E4005F486 = {
						DevelopmentTeam = "";
					};
					4ECB27837F60E332D65CEE5F = {
						DevelopmentTeam = "";
					};
					62111130E10AD4EB71D9EF0E = {
						DevelopmentTeam = "";
					};
					6C2C96E2E4EB59D5539A76AD = {
						DevelopmentTeam = "";
					};
					D50E47978659FF2D3DFC3333 = {
						DevelopmentTeam = "";
					};
				};
			};
			buildConfigurationList = C75987DB8A0C4A71DAA910D9 /* Build configuration list for PBXProject "AdaptAi" */;
			developmentRegion = en;
			hasScannedForEncodings = 0;
			knownRegions = (
				Base,
				en,
			);
			mainGroup = 12B5D1B004BD0A73D3FD66A9;
			minimizedProjectReferenceProxies = 1;
			packageReferences = (
				BFC1B49B152023A85553B5BE /* XCLocalSwiftPackageReference "AdaptAiKit" */,
			);
			preferredProjectObjectVersion = 77;
			productRefGroup = 47B704821668036AEA42DE27 /* Products */;
			projectDirPath = "";
			projectRoot = "";
			targets = (
				62111130E10AD4EB71D9EF0E /* AdaptAi */,
				0A668D19A4B8E08E4005F486 /* AdaptAiIntents */,
				6C2C96E2E4EB59D5539A76AD /* AdaptAiLiveActivity */,
				4ECB27837F60E332D65CEE5F /* AdaptAiWatch */,
				D50E47978659FF2D3DFC3333 /* AdaptAiWidgets */,
			);
		};
/* End PBXProject section */

/* Begin PBXResourcesBuildPhase section */
		E8A8BD5EF3A16F3132E352E3 /* Resources */ = {
			isa = PBXResourcesBuildPhase;
			buildActionMask = 2147483647;
			files = (
				D204B09B2482C5C7F512564A /* Assets.xcassets in Resources */,
			);
			runOnlyForDeploymentPostprocessing = 0;
		};
/* End PBXResourcesBuildPhase section */

/* Begin PBXSourcesBuildPhase section */
		0D07D919C9F3C68EA65CE490 /* Sources */ = {
			isa = PBXSourcesBuildPhase;
			buildActionMask = 2147483647;
			files = (
				83D986C094E060F3744ECAA4 /* AdaptAiComplications.swift in Sources */,
				E49AB7C8C3ADBEEFBBB502F8 /* AdaptAiWatchApp.swift in Sources */,
				A6591A2B8771C655892AF1E0 /* WatchConnectivityManager.swift in Sources */,
				B2797FB3A7167470D8939F8A /* WatchEmergencyView.swift in Sources */,
				5BEE9CE7181FAD72CA67A911 /* WatchHomeView.swift in Sources */,
				FA003ADFA6FF63B8AB69CEC4 /* WatchReminderView.swift in Sources */,
				19FAC6799AC352EA54849A0B /* WatchRoutinePlayerView.swift in Sources */,
			);
			runOnlyForDeploymentPostprocessing = 0;
		};
		177EF678189297B70215B4B1 /* Sources */ = {
			isa = PBXSourcesBuildPhase;
			buildActionMask = 2147483647;
			files = (
				1BB76C4680B65F3568282B7B /* AdaptAiApp.swift in Sources */,
				DC7479EA8C460F7B1A444907 /* AdaptiveButton.swift in Sources */,
				8574809FA28A3EF1BE2827C3 /* AdaptiveCard.swift in Sources */,
				A0C0F12BB1A4273B29C2EBE3 /* AdaptiveHomeView.swift in Sources */,
				5AEC2BA8FA2FBBE63D31BB92 /* AdaptiveModifier.swift in Sources */,
				F0662B0DC7808130E12073AD /* AppointmentView.swift in Sources */,
				B62AB7D5D8E9C6421B51FF1E /* AppointmentViewModel.swift in Sources */,
				BDEB06F88E5CBA0F6ECB6561 /* AuthViewModel.swift in Sources */,
				1C05CD133B396AF31BD87535 /* BrandColors.swift in Sources */,
				74C3B7DD11DD96A362EC3ECD /* CalendarService.swift in Sources */,
				2AFC06DDB468159C0CD11984 /* CaregiverRemindersView.swift in Sources */,
				9ACACA052AB19B0FE6E357DF /* CaregiverStatsView.swift in Sources */,
				D7722178D8FC2D38340ADC07 /* ComplexityQuizView.swift in Sources */,
				C50762B7341CDD45DFF84591 /* ContentView.swift in Sources */,
				E4D19B32CE97911CE1FA06B2 /* CrashCountdownOverlay.swift in Sources */,
				4A308FA77713F023828146A8 /* CrashDetectionService.swift in Sources */,
				755D6C763AB7686EA3921460 /* CreditsView.swift in Sources */,
				CB7A6E4EB3E959AB65A015FD /* DetailedListHome.swift in Sources */,
				6345F896E221127ECD515930 /* EmergencyContactsView.swift in Sources */,
				654CC5EF9DFB7987317EFCFE /* EmergencyView.swift in Sources */,
				EA83DFAE5054EFA5049E1399 /* EmergencyViewModel.swift in Sources */,
				EADB17819E259254037722DB /* FamilyView.swift in Sources */,
				E4D33CB7F4DBB8D0A24E0D4C /* FamilyViewModel.swift in Sources */,
				8E5990C5C8673FEE3B0A1ABE /* GuestModeBanner.swift in Sources */,
				C946A47B707D5C0974CFF23A /* HapticsService.swift in Sources */,
				FBDC9AC7F424FD54D874807B /* HealthChartsView.swift in Sources */,
				F75F42CAED26A6C716604875 /* HealthKitService.swift in Sources */,
				35327EF6E629CAA9B1EC6FA7 /* HealthView.swift in Sources */,
				5B0E91D63C6C2F15B527800F /* HomeViewModel.swift in Sources */,
				D39C4BC279CFFCD6AA776AF3 /* IconGridHome.swift in Sources */,
				9D09740986E3FA4C4BFE0B89 /* InviteCodeView.swift in Sources */,
				72799B001B817803D807725B /* JarvisService.swift in Sources */,
				1135FCAA8ADBE4CF2F06DC64 /* LocationService.swift in Sources */,
				A21CC2FD20BA0E4FB9F4C2D3 /* LoginView.swift in Sources */,
				8DA4F04E37338604025703E4 /* LostModeView.swift in Sources */,
				D65635DAE7D62D7CCD34F51D /* MedicalIDCardView.swift in Sources */,
				18EB92841974050542877C18 /* MedicationView.swift in Sources */,
				A0B5ADFE89049359DD5903DA /* MedicationViewModel.swift in Sources */,
				A248D9849711921FECF88F27 /* NotificationService.swift in Sources */,
				065039CE4812F44696CCB39D /* OnboardingView.swift in Sources */,
				023EDC4E434C29067B3C941C /* PatientDetailView.swift in Sources */,
				0EAAB2A53432456673EA4C5F /* PatientMedicationsView.swift in Sources */,
				C2F71FC143A9D88C4A55848D /* PatientProfileView.swift in Sources */,
				ABF1247DBA3E62BD786E094B /* ProgressRing.swift in Sources */,
				AB7768DB6B514D2AFFCB1EA9 /* RegisterView.swift in Sources */,
				8A25D3453974B1A9C41B7F69 /* RobotChatView.swift in Sources */,
				242F723E292436B59F53E63B /* RobotPairingView.swift in Sources */,
				6903C4014CEE3EBA31E1F898 /* RobotStatusView.swift in Sources */,
				D2EBB3BE9F981938E0E3B7D5 /* RobotViewModel.swift in Sources */,
				04A531469AE1F1F22CD075B5 /* RoutineListView.swift in Sources */,
				34F026EF6975239E5BE003AC /* RoutinePlayerView.swift in Sources */,
				A6B746E296EB2971D5613544 /* RoutinePlayerViewModel.swift in Sources */,
				65A07A4CA38F37C865AA90BE /* SampleData.swift in Sources */,
				09C454A33229A86F151708D5 /* SettingsView.swift in Sources */,
				F06C5963ADBF69C01C572930 /* SettingsViewModel.swift in Sources */,
				54FE8315974917B5647A47E2 /* SimpleHomeView.swift in Sources */,
				8EC9D3F8E26776341DB8E5B7 /* SimpleListHome.swift in Sources */,
				FAC0E28721B8C995CF38C2CF /* SimpleModeTabView.swift in Sources */,
				F37C37EBD1E1340F36A658EC /* SimpleSettingsView.swift in Sources */,
				53E5C5B89682097DFF739D9B /* SpeechService.swift in Sources */,
				1C23625C7B5781F752BDE880 /* StallBanner.swift in Sources */,
				44C26E15192F859DD5C088FC /* TermsView.swift in Sources */,
				71776A3FB2FE8A38C1EC6037 /* ThemeManager.swift in Sources */,
				9B90F0BF1FD4B9EB4ABA1A6C /* Typography.swift in Sources */,
				1A012B70AF7C4997648661D6 /* iPadAdaptations.swift in Sources */,
			);
			runOnlyForDeploymentPostprocessing = 0;
		};
		7395CF1F7BFC880321E3918F /* Sources */ = {
			isa = PBXSourcesBuildPhase;
			buildActionMask = 2147483647;
			files = (
				CC608E4814D06E3B8FD8E1EF /* RoutineActivityAttributes.swift in Sources */,
				FB0848558BF6EEC383CB9879 /* RoutineLiveActivityView.swift in Sources */,
			);
			runOnlyForDeploymentPostprocessing = 0;
		};
		ACD1D8FAE9C8843CDC950C60 /* Sources */ = {
			isa = PBXSourcesBuildPhase;
			buildActionMask = 2147483647;
			files = (
				09BE6422B7348F800FE456EE /* DailyProgressWidget.swift in Sources */,
				0C96BC5E2CC9CEF1D1A80999 /* EmergencyWidget.swift in Sources */,
				6188787D35EF61AEA8867668 /* MedicationWidget.swift in Sources */,
				9C8AE903F6769453CDC57714 /* NextRoutineWidget.swift in Sources */,
				8CBDBA0B5AD8BE87A7652278 /* WidgetBundle.swift in Sources */,
			);
			runOnlyForDeploymentPostprocessing = 0;
		};
		C7CA2D58C8CD6675B0221ABA /* Sources */ = {
			isa = PBXSourcesBuildPhase;
			buildActionMask = 2147483647;
			files = (
				07A1C18458CCC3ADEF41E752 /* CallCaregiverIntent.swift in Sources */,
				908D664F9BF7F0BD3512F931 /* CheckProgressIntent.swift in Sources */,
				5149CD01F0D5E832B9019A06 /* StartRoutineIntent.swift in Sources */,
			);
			runOnlyForDeploymentPostprocessing = 0;
		};
/* End PBXSourcesBuildPhase section */

/* Begin PBXTargetDependency section */
		0799A3B755932C2DA74DDE46 /* PBXTargetDependency */ = {
			isa = PBXTargetDependency;
			target = 6C2C96E2E4EB59D5539A76AD /* AdaptAiLiveActivity */;
			targetProxy = 84047942BEA852E34928563A /* PBXContainerItemProxy */;
		};
		9EED38BF2D32E722C99CCAC0 /* PBXTargetDependency */ = {
			isa = PBXTargetDependency;
			target = D50E47978659FF2D3DFC3333 /* AdaptAiWidgets */;
			targetProxy = 6791AE4596C4C64DD16A5BE6 /* PBXContainerItemProxy */;
		};
		E7847D8840FA03C70BBEFB78 /* PBXTargetDependency */ = {
			isa = PBXTargetDependency;
			target = 0A668D19A4B8E08E4005F486 /* AdaptAiIntents */;
			targetProxy = DF831B4BD857C5997710015E /* PBXContainerItemProxy */;
		};
/* End PBXTargetDependency section */

/* Begin XCBuildConfiguration section */
		190B05E46CE3998A059139BE /* Debug */ = {
			isa = XCBuildConfiguration;
			buildSettings = {
				CODE_SIGN_ENTITLEMENTS = AdaptAiWidgets/AdaptAiWidgets.entitlements;
				INFOPLIST_FILE = AdaptAiWidgets/Info.plist;
				IPHONEOS_DEPLOYMENT_TARGET = 17.0;
				LD_RUNPATH_SEARCH_PATHS = (
					"$(inherited)",
					"@executable_path/Frameworks",
					"@executable_path/../../Frameworks",
				);
				PRODUCT_BUNDLE_IDENTIFIER = com.adaptai.app.widgets;
				SDKROOT = iphoneos;
				TARGETED_DEVICE_FAMILY = "1,2";
			};
			name = Debug;
		};
		1ECA62A97C6D335D0D8C9BDC /* Debug */ = {
			isa = XCBuildConfiguration;
			buildSettings = {
				ALWAYS_SEARCH_USER_PATHS = NO;
				CLANG_ANALYZER_NONNULL = YES;
				CLANG_ANALYZER_NUMBER_OBJECT_CONVERSION = YES_AGGRESSIVE;
				CLANG_CXX_LANGUAGE_STANDARD = "gnu++14";
				CLANG_CXX_LIBRARY = "libc++";
				CLANG_ENABLE_MODULES = YES;
				CLANG_ENABLE_OBJC_ARC = YES;
				CLANG_ENABLE_OBJC_WEAK = YES;
				CLANG_WARN_BLOCK_CAPTURE_AUTORELEASING = YES;
				CLANG_WARN_BOOL_CONVERSION = YES;
				CLANG_WARN_COMMA = YES;
				CLANG_WARN_CONSTANT_CONVERSION = YES;
				CLANG_WARN_DEPRECATED_OBJC_IMPLEMENTATIONS = YES;
				CLANG_WARN_DIRECT_OBJC_ISA_USAGE = YES_ERROR;
				CLANG_WARN_DOCUMENTATION_COMMENTS = YES;
				CLANG_WARN_EMPTY_BODY = YES;
				CLANG_WARN_ENUM_CONVERSION = YES;
				CLANG_WARN_INFINITE_RECURSION = YES;
				CLANG_WARN_INT_CONVERSION = YES;
				CLANG_WARN_NON_LITERAL_NULL_CONVERSION = YES;
				CLANG_WARN_OBJC_IMPLICIT_RETAIN_SELF = YES;
				CLANG_WARN_OBJC_LITERAL_CONVERSION = YES;
				CLANG_WARN_OBJC_ROOT_CLASS = YES_ERROR;
				CLANG_WARN_QUOTED_INCLUDE_IN_FRAMEWORK_HEADER = YES;
				CLANG_WARN_RANGE_LOOP_ANALYSIS = YES;
				CLANG_WARN_STRICT_PROTOTYPES = YES;
				CLANG_WARN_SUSPICIOUS_MOVE = YES;
				CLANG_WARN_UNGUARDED_AVAILABILITY = YES_AGGRESSIVE;
				CLANG_WARN_UNREACHABLE_CODE = YES;
				CLANG_WARN__DUPLICATE_METHOD_MATCH = YES;
				COPY_PHASE_STRIP = NO;
				DEBUG_INFORMATION_FORMAT = dwarf;
				DEVELOPMENT_TEAM = "";
				ENABLE_STRICT_OBJC_MSGSEND = YES;
				ENABLE_TESTABILITY = YES;
				GCC_C_LANGUAGE_STANDARD = gnu11;
				GCC_DYNAMIC_NO_PIC = NO;
				GCC_NO_COMMON_BLOCKS = YES;
				GCC_OPTIMIZATION_LEVEL = 0;
				GCC_PREPROCESSOR_DEFINITIONS = (
					"$(inherited)",
					"DEBUG=1",
				);
				GCC_WARN_64_TO_32_BIT_CONVERSION = YES;
				GCC_WARN_ABOUT_RETURN_TYPE = YES_ERROR;
				GCC_WARN_UNDECLARED_SELECTOR = YES;
				GCC_WARN_UNINITIALIZED_AUTOS = YES_AGGRESSIVE;
				GCC_WARN_UNUSED_FUNCTION = YES;
				GCC_WARN_UNUSED_VARIABLE = YES;
				IPHONEOS_DEPLOYMENT_TARGET = 17.0;
				MTL_ENABLE_DEBUG_INFO = INCLUDE_SOURCE;
				MTL_FAST_MATH = YES;
				ONLY_ACTIVE_ARCH = YES;
				PRODUCT_NAME = "$(TARGET_NAME)";
				SWIFT_ACTIVE_COMPILATION_CONDITIONS = DEBUG;
				SWIFT_OPTIMIZATION_LEVEL = "-Onone";
				SWIFT_VERSION = 5.9;
				TARGETED_DEVICE_FAMILY = "1,2";
				WATCHOS_DEPLOYMENT_TARGET = 10.0;
			};
			name = Debug;
		};
		3012A1E40C328EC3D7624CEF /* Debug */ = {
			isa = XCBuildConfiguration;
			buildSettings = {
				ASSETCATALOG_COMPILER_APPICON_NAME = AppIcon;
				GENERATE_INFOPLIST_FILE = YES;
				INFOPLIST_KEY_WKCompanionAppBundleIdentifier = com.adaptai.app;
				PRODUCT_BUNDLE_IDENTIFIER = com.adaptai.app.watchkitapp;
				SDKROOT = watchos;
				SKIP_INSTALL = YES;
				TARGETED_DEVICE_FAMILY = 4;
				WATCHOS_DEPLOYMENT_TARGET = 10.0;
			};
			name = Debug;
		};
		32AC18AA9391BDEF382F6D1C /* Debug */ = {
			isa = XCBuildConfiguration;
			buildSettings = {
				INFOPLIST_FILE = AdaptAiLiveActivity/Info.plist;
				IPHONEOS_DEPLOYMENT_TARGET = 17.0;
				LD_RUNPATH_SEARCH_PATHS = (
					"$(inherited)",
					"@executable_path/Frameworks",
					"@executable_path/../../Frameworks",
				);
				PRODUCT_BUNDLE_IDENTIFIER = com.adaptai.app.liveactivity;
				SDKROOT = iphoneos;
				TARGETED_DEVICE_FAMILY = "1,2";
			};
			name = Debug;
		};
		56A7D4BD22B59159B3A9D129 /* Release */ = {
			isa = XCBuildConfiguration;
			buildSettings = {
				ASSETCATALOG_COMPILER_APPICON_NAME = AppIcon;
				CODE_SIGN_ENTITLEMENTS = AdaptAi/AdaptAi.entitlements;
				CODE_SIGN_IDENTITY = "iPhone Developer";
				INFOPLIST_FILE = AdaptAi/Info.plist;
				IPHONEOS_DEPLOYMENT_TARGET = 17.0;
				LD_RUNPATH_SEARCH_PATHS = (
					"$(inherited)",
					"@executable_path/Frameworks",
				);
				PRODUCT_BUNDLE_IDENTIFIER = com.adaptai.app;
				SDKROOT = iphoneos;
				SUPPORTED_PLATFORMS = "iphoneos iphonesimulator";
				SUPPORTS_MACCATALYST = NO;
				SUPPORTS_MAC_DESIGNED_FOR_IPHONE_IPAD = NO;
				TARGETED_DEVICE_FAMILY = "1,2";
			};
			name = Release;
		};
		67938F37E06E69C74E1ADD35 /* Release */ = {
			isa = XCBuildConfiguration;
			buildSettings = {
				CODE_SIGN_ENTITLEMENTS = AdaptAiWidgets/AdaptAiWidgets.entitlements;
				INFOPLIST_FILE = AdaptAiWidgets/Info.plist;
				IPHONEOS_DEPLOYMENT_TARGET = 17.0;
				LD_RUNPATH_SEARCH_PATHS = (
					"$(inherited)",
					"@executable_path/Frameworks",
					"@executable_path/../../Frameworks",
				);
				PRODUCT_BUNDLE_IDENTIFIER = com.adaptai.app.widgets;
				SDKROOT = iphoneos;
				TARGETED_DEVICE_FAMILY = "1,2";
			};
			name = Release;
		};
		89A48D43851B7405CBD43016 /* Release */ = {
			isa = XCBuildConfiguration;
			buildSettings = {
				ALWAYS_SEARCH_USER_PATHS = NO;
				CLANG_ANALYZER_NONNULL = YES;
				CLANG_ANALYZER_NUMBER_OBJECT_CONVERSION = YES_AGGRESSIVE;
				CLANG_CXX_LANGUAGE_STANDARD = "gnu++14";
				CLANG_CXX_LIBRARY = "libc++";
				CLANG_ENABLE_MODULES = YES;
				CLANG_ENABLE_OBJC_ARC = YES;
				CLANG_ENABLE_OBJC_WEAK = YES;
				CLANG_WARN_BLOCK_CAPTURE_AUTORELEASING = YES;
				CLANG_WARN_BOOL_CONVERSION = YES;
				CLANG_WARN_COMMA = YES;
				CLANG_WARN_CONSTANT_CONVERSION = YES;
				CLANG_WARN_DEPRECATED_OBJC_IMPLEMENTATIONS = YES;
				CLANG_WARN_DIRECT_OBJC_ISA_USAGE = YES_ERROR;
				CLANG_WARN_DOCUMENTATION_COMMENTS = YES;
				CLANG_WARN_EMPTY_BODY = YES;
				CLANG_WARN_ENUM_CONVERSION = YES;
				CLANG_WARN_INFINITE_RECURSION = YES;
				CLANG_WARN_INT_CONVERSION = YES;
				CLANG_WARN_NON_LITERAL_NULL_CONVERSION = YES;
				CLANG_WARN_OBJC_IMPLICIT_RETAIN_SELF = YES;
				CLANG_WARN_OBJC_LITERAL_CONVERSION = YES;
				CLANG_WARN_OBJC_ROOT_CLASS = YES_ERROR;
				CLANG_WARN_QUOTED_INCLUDE_IN_FRAMEWORK_HEADER = YES;
				CLANG_WARN_RANGE_LOOP_ANALYSIS = YES;
				CLANG_WARN_STRICT_PROTOTYPES = YES;
				CLANG_WARN_SUSPICIOUS_MOVE = YES;
				CLANG_WARN_UNGUARDED_AVAILABILITY = YES_AGGRESSIVE;
				CLANG_WARN_UNREACHABLE_CODE = YES;
				CLANG_WARN__DUPLICATE_METHOD_MATCH = YES;
				COPY_PHASE_STRIP = NO;
				DEBUG_INFORMATION_FORMAT = "dwarf-with-dsym";
				DEVELOPMENT_TEAM = "";
				ENABLE_NS_ASSERTIONS = NO;
				ENABLE_STRICT_OBJC_MSGSEND = YES;
				GCC_C_LANGUAGE_STANDARD = gnu11;
				GCC_NO_COMMON_BLOCKS = YES;
				GCC_WARN_64_TO_32_BIT_CONVERSION = YES;
				GCC_WARN_ABOUT_RETURN_TYPE = YES_ERROR;
				GCC_WARN_UNDECLARED_SELECTOR = YES;
				GCC_WARN_UNINITIALIZED_AUTOS = YES_AGGRESSIVE;
				GCC_WARN_UNUSED_FUNCTION = YES;
				GCC_WARN_UNUSED_VARIABLE = YES;
				IPHONEOS_DEPLOYMENT_TARGET = 17.0;
				MTL_ENABLE_DEBUG_INFO = NO;
				MTL_FAST_MATH = YES;
				PRODUCT_NAME = "$(TARGET_NAME)";
				SWIFT_COMPILATION_MODE = wholemodule;
				SWIFT_OPTIMIZATION_LEVEL = "-O";
				SWIFT_VERSION = 5.9;
				TARGETED_DEVICE_FAMILY = "1,2";
				WATCHOS_DEPLOYMENT_TARGET = 10.0;
			};
			name = Release;
		};
		B9115378D69682BE6AE524D6 /* Release */ = {
			isa = XCBuildConfiguration;
			buildSettings = {
				INFOPLIST_FILE = AdaptAiIntents/Info.plist;
				IPHONEOS_DEPLOYMENT_TARGET = 17.0;
				LD_RUNPATH_SEARCH_PATHS = (
					"$(inherited)",
					"@executable_path/Frameworks",
					"@executable_path/../../Frameworks",
				);
				PRODUCT_BUNDLE_IDENTIFIER = com.adaptai.app.intents;
				SDKROOT = iphoneos;
				TARGETED_DEVICE_FAMILY = "1,2";
			};
			name = Release;
		};
		D3C59451728CACB298A3CF43 /* Release */ = {
			isa = XCBuildConfiguration;
			buildSettings = {
				ASSETCATALOG_COMPILER_APPICON_NAME = AppIcon;
				GENERATE_INFOPLIST_FILE = YES;
				INFOPLIST_KEY_WKCompanionAppBundleIdentifier = com.adaptai.app;
				PRODUCT_BUNDLE_IDENTIFIER = com.adaptai.app.watchkitapp;
				SDKROOT = watchos;
				SKIP_INSTALL = YES;
				TARGETED_DEVICE_FAMILY = 4;
				WATCHOS_DEPLOYMENT_TARGET = 10.0;
			};
			name = Release;
		};
		D470F59CA73456D1B9AA9ACA /* Release */ = {
			isa = XCBuildConfiguration;
			buildSettings = {
				INFOPLIST_FILE = AdaptAiLiveActivity/Info.plist;
				IPHONEOS_DEPLOYMENT_TARGET = 17.0;
				LD_RUNPATH_SEARCH_PATHS = (
					"$(inherited)",
					"@executable_path/Frameworks",
					"@executable_path/../../Frameworks",
				);
				PRODUCT_BUNDLE_IDENTIFIER = com.adaptai.app.liveactivity;
				SDKROOT = iphoneos;
				TARGETED_DEVICE_FAMILY = "1,2";
			};
			name = Release;
		};
		DB7FBE392BF610ACDFD329D5 /* Debug */ = {
			isa = XCBuildConfiguration;
			buildSettings = {
				ASSETCATALOG_COMPILER_APPICON_NAME = AppIcon;
				CODE_SIGN_ENTITLEMENTS = AdaptAi/AdaptAi.entitlements;
				CODE_SIGN_IDENTITY = "iPhone Developer";
				INFOPLIST_FILE = AdaptAi/Info.plist;
				IPHONEOS_DEPLOYMENT_TARGET = 17.0;
				LD_RUNPATH_SEARCH_PATHS = (
					"$(inherited)",
					"@executable_path/Frameworks",
				);
				PRODUCT_BUNDLE_IDENTIFIER = com.adaptai.app;
				SDKROOT = iphoneos;
				SUPPORTED_PLATFORMS = "iphoneos iphonesimulator";
				SUPPORTS_MACCATALYST = NO;
				SUPPORTS_MAC_DESIGNED_FOR_IPHONE_IPAD = NO;
				TARGETED_DEVICE_FAMILY = "1,2";
			};
			name = Debug;
		};
		FDEB17F466F594E048364BC5 /* Debug */ = {
			isa = XCBuildConfiguration;
			buildSettings = {
				INFOPLIST_FILE = AdaptAiIntents/Info.plist;
				IPHONEOS_DEPLOYMENT_TARGET = 17.0;
				LD_RUNPATH_SEARCH_PATHS = (
					"$(inherited)",
					"@executable_path/Frameworks",
					"@executable_path/../../Frameworks",
				);
				PRODUCT_BUNDLE_IDENTIFIER = com.adaptai.app.intents;
				SDKROOT = iphoneos;
				TARGETED_DEVICE_FAMILY = "1,2";
			};
			name = Debug;
		};
/* End XCBuildConfiguration section */

/* Begin XCConfigurationList section */
		13F97ED21FA7E7117ECB01DC /* Build configuration list for PBXNativeTarget "AdaptAi" */ = {
			isa = XCConfigurationList;
			buildConfigurations = (
				DB7FBE392BF610ACDFD329D5 /* Debug */,
				56A7D4BD22B59159B3A9D129 /* Release */,
			);
			defaultConfigurationIsVisible = 0;
			defaultConfigurationName = Debug;
		};
		3B15487232C84CD6B54A769E /* Build configuration list for PBXNativeTarget "AdaptAiWatch" */ = {
			isa = XCConfigurationList;
			buildConfigurations = (
				3012A1E40C328EC3D7624CEF /* Debug */,
				D3C59451728CACB298A3CF43 /* Release */,
			);
			defaultConfigurationIsVisible = 0;
			defaultConfigurationName = Debug;
		};
		B14F51FE7888D948BED316AE /* Build configuration list for PBXNativeTarget "AdaptAiLiveActivity" */ = {
			isa = XCConfigurationList;
			buildConfigurations = (
				32AC18AA9391BDEF382F6D1C /* Debug */,
				D470F59CA73456D1B9AA9ACA /* Release */,
			);
			defaultConfigurationIsVisible = 0;
			defaultConfigurationName = Debug;
		};
		C1A571A3A1C072CDDC63501A /* Build configuration list for PBXNativeTarget "AdaptAiWidgets" */ = {
			isa = XCConfigurationList;
			buildConfigurations = (
				190B05E46CE3998A059139BE /* Debug */,
				67938F37E06E69C74E1ADD35 /* Release */,
			);
			defaultConfigurationIsVisible = 0;
			defaultConfigurationName = Debug;
		};
		C75987DB8A0C4A71DAA910D9 /* Build configuration list for PBXProject "AdaptAi" */ = {
			isa = XCConfigurationList;
			buildConfigurations = (
				1ECA62A97C6D335D0D8C9BDC /* Debug */,
				89A48D43851B7405CBD43016 /* Release */,
			);
			defaultConfigurationIsVisible = 0;
			defaultConfigurationName = Debug;
		};
		DE0547A92D02A751B07FB4DC /* Build configuration list for PBXNativeTarget "AdaptAiIntents" */ = {
			isa = XCConfigurationList;
			buildConfigurations = (
				FDEB17F466F594E048364BC5 /* Debug */,
				B9115378D69682BE6AE524D6 /* Release */,
			);
			defaultConfigurationIsVisible = 0;
			defaultConfigurationName = Debug;
		};
/* End XCConfigurationList section */

/* Begin XCLocalSwiftPackageReference section */
		BFC1B49B152023A85553B5BE /* XCLocalSwiftPackageReference "AdaptAiKit" */ = {
			isa = XCLocalSwiftPackageReference;
			relativePath = AdaptAiKit;
		};
/* End XCLocalSwiftPackageReference section */

/* Begin XCSwiftPackageProductDependency section */
		4B4EFCA5F7437FCE54482B4F /* AdaptAiKit */ = {
			isa = XCSwiftPackageProductDependency;
			productName = AdaptAiKit;
		};
		4C1E1382298F511A1DCFDB9D /* AdaptAiKit */ = {
			isa = XCSwiftPackageProductDependency;
			productName = AdaptAiKit;
		};
		8D4653D95B75020FCD49FBF2 /* AdaptAiKit */ = {
			isa = XCSwiftPackageProductDependency;
			productName = AdaptAiKit;
		};
		F13BB66D3A1BFBFCA2880CC7 /* AdaptAiKit */ = {
			isa = XCSwiftPackageProductDependency;
			productName = AdaptAiKit;
		};
		F26B1A60827E60814A929389 /* AdaptAiKit */ = {
			isa = XCSwiftPackageProductDependency;
			productName = AdaptAiKit;
		};
/* End XCSwiftPackageProductDependency section */
	};
	rootObject = 9910AD3C2A2DF2096D7B1E1A /* Project object */;
}
